// !$*UTF8*$!
{
	archiveVersion = 1;
	classes = {
	};
	objectVersion = 46;
	objects = {

/* Begin PBXBuildFile section */
		284B5AEF1A1C37CA00F04010 /* main.m in Sources */ = {isa = PBXBuildFile; fileRef = 284B5AEE1A1C37CA00F04010 /* main.m */; };
		284B5AF21A1C37CA00F04010 /* AppDelegate.m in Sources */ = {isa = PBXBuildFile; fileRef = 284B5AF11A1C37CA00F04010 /* AppDelegate.m */; };
		284B5AF51A1C37CB00F04010 /* JinLinBao.xcdatamodeld in Sources */ = {isa = PBXBuildFile; fileRef = 284B5AF31A1C37CB00F04010 /* JinLinBao.xcdatamodeld */; };
		284B5AF81A1C37CB00F04010 /* ViewController.m in Sources */ = {isa = PBXBuildFile; fileRef = 284B5AF71A1C37CB00F04010 /* ViewController.m */; };
		284B5AFB1A1C37CB00F04010 /* Main.storyboard in Resources */ = {isa = PBXBuildFile; fileRef = 284B5AF91A1C37CB00F04010 /* Main.storyboard */; };
		284B5AFD1A1C37CB00F04010 /* Images.xcassets in Resources */ = {isa = PBXBuildFile; fileRef = 284B5AFC1A1C37CB00F04010 /* Images.xcassets */; };
		284B5B001A1C37CB00F04010 /* LaunchScreen.xib in Resources */ = {isa = PBXBuildFile; fileRef = 284B5AFE1A1C37CB00F04010 /* LaunchScreen.xib */; };
		284B5B0C1A1C37CC00F04010 /* JinLinBaoTests.m in Sources */ = {isa = PBXBuildFile; fileRef = 284B5B0B1A1C37CC00F04010 /* JinLinBaoTests.m */; };
/* End PBXBuildFile section */

/* Begin PBXContainerItemProxy section */
		284B5B061A1C37CC00F04010 /* PBXContainerItemProxy */ = {
			isa = PBXContainerItemProxy;
			containerPortal = 284B5AE11A1C37CA00F04010 /* Project object */;
			proxyType = 1;
			remoteGlobalIDString = 284B5AE81A1C37CA00F04010;
			remoteInfo = JinLinBao;
		};
/* End PBXContainerItemProxy section */

/* Begin PBXFileReference section */
		284B5AE91A1C37CA00F04010 /* JinLinBao.app */ = {isa = PBXFileReference; explicitFileType = wrapper.application; includeInIndex = 0; path = JinLinBao.app; sourceTree = BUILT_PRODUCTS_DIR; };
		284B5AED1A1C37CA00F04010 /* Info.plist */ = {isa = PBXFileReference; lastKnownFileType = text.plist.xml; path = Info.plist; sourceTree = "<group>"; };
		284B5AEE1A1C37CA00F04010 /* main.m */ = {isa = PBXFileReference; lastKnownFileType = sourcecode.c.objc; path = main.m; sourceTree = "<group>"; };
		284B5AF01A1C37CA00F04010 /* AppDelegate.h */ = {isa = PBXFileReference; lastKnownFileType = sourcecode.c.h; path = AppDelegate.h; sourceTree = "<group>"; };
		284B5AF11A1C37CA00F04010 /* AppDelegate.m */ = {isa = PBXFileReference; lastKnownFileType = sourcecode.c.objc; path = AppDelegate.m; sourceTree = "<group>"; };
		284B5AF41A1C37CB00F04010 /* JinLinBao.xcdatamodel */ = {isa = PBXFileReference; lastKnownFileType = wrapper.xcdatamodel; path = JinLinBao.xcdatamodel; sourceTree = "<group>"; };
		284B5AF61A1C37CB00F04010 /* ViewController.h */ = {isa = PBXFileReference; lastKnownFileType = sourcecode.c.h; path = ViewController.h; sourceTree = "<group>"; };
		284B5AF71A1C37CB00F04010 /* ViewController.m */ = {isa = PBXFileReference; lastKnownFileType = sourcecode.c.objc; path = ViewController.m; sourceTree = "<group>"; };
		284B5AFA1A1C37CB00F04010 /* Base */ = {isa = PBXFileReference; lastKnownFileType = file.storyboard; name = Base; path = Base.lproj/Main.storyboard; sourceTree = "<group>"; };
		284B5AFC1A1C37CB00F04010 /* Images.xcassets */ = {isa = PBXFileReference; lastKnownFileType = folder.assetcatalog; path = Images.xcassets; sourceTree = "<group>"; };
		284B5AFF1A1C37CB00F04010 /* Base */ = {isa = PBXFileReference; lastKnownFileType = file.xib; name = Base; path = Base.lproj/LaunchScreen.xib; sourceTree = "<group>"; };
		284B5B051A1C37CC00F04010 /* JinLinBaoTests.xctest */ = {isa = PBXFileReference; explicitFileType = wrapper.cfbundle; includeInIndex = 0; path = JinLinBaoTests.xctest; sourceTree = BUILT_PRODUCTS_DIR; };
		284B5B0A1A1C37CC00F04010 /* Info.plist */ = {isa = PBXFileReference; lastKnownFileType = text.plist.xml; path = Info.plist; sourceTree = "<group>"; };
		284B5B0B1A1C37CC00F04010 /* JinLinBaoTests.m */ = {isa = PBXFileReference; lastKnownFileType = sourcecode.c.objc; path = JinLinBaoTests.m; sourceTree = "<group>"; };
/* End PBXFileReference section */

/* Begin PBXFrameworksBuildPhase section */
		284B5AE61A1C37CA00F04010 /* Frameworks */ = {
			isa = PBXFrameworksBuildPhase;
			buildActionMask = 2147483647;
			files = (
			);
			runOnlyForDeploymentPostprocessing = 0;
		};
		284B5B021A1C37CC00F04010 /* Frameworks */ = {
			isa = PBXFrameworksBuildPhase;
			buildActionMask = 2147483647;
			files = (
			);
			runOnlyForDeploymentPostprocessing = 0;
		};
/* End PBXFrameworksBuildPhase section */

/* Begin PBXGroup section */
		284B5AE01A1C37CA00F04010 = {
			isa = PBXGroup;
			children = (
				284B5AEB1A1C37CA00F04010 /* JinLinBao */,
				284B5B081A1C37CC00F04010 /* JinLinBaoTests */,
				284B5AEA1A1C37CA00F04010 /* Products */,
			);
			sourceTree = "<group>";
		};
		284B5AEA1A1C37CA00F04010 /* Products */ = {
			isa = PBXGroup;
			children = (
				284B5AE91A1C37CA00F04010 /* JinLinBao.app */,
				284B5B051A1C37CC00F04010 /* JinLinBaoTests.xctest */,
			);
			name = Products;
			sourceTree = "<group>";
		};
		284B5AEB1A1C37CA00F04010 /* JinLinBao */ = {
			isa = PBXGroup;
			children = (
				284B5AF01A1C37CA00F04010 /* AppDelegate.h */,
				284B5AF11A1C37CA00F04010 /* AppDelegate.m */,
				284B5AF61A1C37CB00F04010 /* ViewController.h */,
				284B5AF71A1C37CB00F04010 /* ViewController.m */,
				284B5AF91A1C37CB00F04010 /* Main.storyboard */,
				284B5AFC1A1C37CB00F04010 /* Images.xcassets */,
				284B5AFE1A1C37CB00F04010 /* LaunchScreen.xib */,
				284B5AF31A1C37CB00F04010 /* JinLinBao.xcdatamodeld */,
				284B5AEC1A1C37CA00F04010 /* Supporting Files */,
			);
			path = JinLinBao;
			sourceTree = "<group>";
		};
		284B5AEC1A1C37CA00F04010 /* Supporting Files */ = {
			isa = PBXGroup;
			children = (
				284B5AED1A1C37CA00F04010 /* Info.plist */,
				284B5AEE1A1C37CA00F04010 /* main.m */,
			);
			name = "Supporting Files";
			sourceTree = "<group>";
		};
		284B5B081A1C37CC00F04010 /* JinLinBaoTests */ = {
			isa = PBXGroup;
			children = (
				284B5B0B1A1C37CC00F04010 /* JinLinBaoTests.m */,
				284B5B091A1C37CC00F04010 /* Supporting Files */,
			);
			path = JinLinBaoTests;
			sourceTree = "<group>";
		};
		284B5B091A1C37CC00F04010 /* Supporting Files */ = {
			isa = PBXGroup;
			children = (
				284B5B0A1A1C37CC00F04010 /* Info.plist */,
			);
			name = "Supporting Files";
			sourceTree = "<group>";
		};
/* End PBXGroup section */

/* Begin PBXNativeTarget section */
		284B5AE81A1C37CA00F04010 /* JinLinBao */ = {
			isa = PBXNativeTarget;
			buildConfigurationList = 284B5B0F1A1C37CC00F04010 /* Build configuration list for PBXNativeTarget "JinLinBao" */;
			buildPhases = (
				284B5AE51A1C37CA00F04010 /* Sources */,
				284B5AE61A1C37CA00F04010 /* Frameworks */,
				284B5AE71A1C37CA00F04010 /* Resources */,
			);
			buildRules = (
			);
			dependencies = (
			);
			name = JinLinBao;
			productName = JinLinBao;
			productReference = 284B5AE91A1C37CA00F04010 /* JinLinBao.app */;
			productType = "com.apple.product-type.application";
		};
		284B5B041A1C37CC00F04010 /* JinLinBaoTests */ = {
			isa = PBXNativeTarget;
			buildConfigurationList = 284B5B121A1C37CC00F04010 /* Build configuration list for PBXNativeTarget "JinLinBaoTests" */;
			buildPhases = (
				284B5B011A1C37CC00F04010 /* Sources */,
				284B5B021A1C37CC00F04010 /* Frameworks */,
				284B5B031A1C37CC00F04010 /* Resources */,
			);
			buildRules = (
			);
			dependencies = (
				284B5B071A1C37CC00F04010 /* PBXTargetDependency */,
			);
			name = JinLinBaoTests;
			productName = JinLinBaoTests;
			productReference = 284B5B051A1C37CC00F04010 /* JinLinBaoTests.xctest */;
			productType = "com.apple.product-type.bundle.unit-test";
		};
/* End PBXNativeTarget section */

/* Begin PBXProject section */
		284B5AE11A1C37CA00F04010 /* Project object */ = {
			isa = PBXProject;
			attributes = {
				LastUpgradeCheck = 0610;
				ORGANIZATIONNAME = leo;
				TargetAttributes = {
					284B5AE81A1C37CA00F04010 = {
						CreatedOnToolsVersion = 6.1;
					};
					284B5B041A1C37CC00F04010 = {
						CreatedOnToolsVersion = 6.1;
						TestTargetID = 284B5AE81A1C37CA00F04010;
					};
				};
			};
			buildConfigurationList = 284B5AE41A1C37CA00F04010 /* Build configuration list for PBXProject "JinLinBao" */;
			compatibilityVersion = "Xcode 3.2";
			developmentRegion = English;
			hasScannedForEncodings = 0;
			knownRegions = (
				en,
				Base,
			);
			mainGroup = 284B5AE01A1C37CA00F04010;
			productRefGroup = 284B5AEA1A1C37CA00F04010 /* Products */;
			projectDirPath = "";
			projectRoot = "";
			targets = (
				284B5AE81A1C37CA00F04010 /* JinLinBao */,
				284B5B041A1C37CC00F04010 /* JinLinBaoTests */,
			);
		};
/* End PBXProject section */

/* Begin PBXResourcesBuildPhase section */
		284B5AE71A1C37CA00F04010 /* Resources */ = {
			isa = PBXResourcesBuildPhase;
			buildActionMask = 2147483647;
			files = (
				284B5AFB1A1C37CB00F04010 /* Main.storyboard in Resources */,
				284B5B001A1C37CB00F04010 /* LaunchScreen.xib in Resources */,
				284B5AFD1A1C37CB00F04010 /* Images.xcassets in Resources */,
			);
			runOnlyForDeploymentPostprocessing = 0;
		};
		284B5B031A1C37CC00F04010 /* Resources */ = {
			isa = PBXResourcesBuildPhase;
			buildActionMask = 2147483647;
			files = (
			);
			runOnlyForDeploymentPostprocessing = 0;
		};
/* End PBXResourcesBuildPhase section */

/* Begin PBXSourcesBuildPhase section */
		284B5AE51A1C37CA00F04010 /* Sources */ = {
			isa = PBXSourcesBuildPhase;
			buildActionMask = 2147483647;
			files = (
				284B5AF51A1C37CB00F04010 /* JinLinBao.xcdatamodeld in Sources */,
				284B5AF21A1C37CA00F04010 /* AppDelegate.m in Sources */,
				284B5AF81A1C37CB00F04010 /* ViewController.m in Sources */,
				284B5AEF1A1C37CA00F04010 /* main.m in Sources */,
			);
			runOnlyForDeploymentPostprocessing = 0;
		};
		284B5B011A1C37CC00F04010 /* Sources */ = {
			isa = PBXSourcesBuildPhase;
			buildActionMask = 2147483647;
			files = (
				284B5B0C1A1C37CC00F04010 /* JinLinBaoTests.m in Sources */,
			);
			runOnlyForDeploymentPostprocessing = 0;
		};
/* End PBXSourcesBuildPhase section */

/* Begin PBXTargetDependency section */
		284B5B071A1C37CC00F04010 /* PBXTargetDependency */ = {
			isa = PBXTargetDependency;
			target = 284B5AE81A1C37CA00F04010 /* JinLinBao */;
			targetProxy = 284B5B061A1C37CC00F04010 /* PBXContainerItemProxy */;
		};
/* End PBXTargetDependency section */

/* Begin PBXVariantGroup section */
		284B5AF91A1C37CB00F04010 /* Main.storyboard */ = {
			isa = PBXVariantGroup;
			children = (
				284B5AFA1A1C37CB00F04010 /* Base */,
			);
			name = Main.storyboard;
			sourceTree = "<group>";
		};
		284B5AFE1A1C37CB00F04010 /* LaunchScreen.xib */ = {
			isa = PBXVariantGroup;
			children = (
				284B5AFF1A1C37CB00F04010 /* Base */,
			);
			name = LaunchScreen.xib;
			sourceTree = "<group>";
		};
/* End PBXVariantGroup section */

/* Begin XCBuildConfiguration section */
		284B5B0D1A1C37CC00F04010 /* Debug */ = {
			isa = XCBuildConfiguration;
			buildSettings = {
				ALWAYS_SEARCH_USER_PATHS = NO;
				CLANG_CXX_LANGUAGE_STANDARD = "gnu++0x";
				CLANG_CXX_LIBRARY = "libc++";
				CLANG_ENABLE_MODULES = YES;
				CLANG_ENABLE_OBJC_ARC = YES;
				CLANG_WARN_BOOL_CONVERSION = YES;
				CLANG_WARN_CONSTANT_CONVERSION = YES;
				CLANG_WARN_DIRECT_OBJC_ISA_USAGE = YES_ERROR;
				CLANG_WARN_EMPTY_BODY = YES;
				CLANG_WARN_ENUM_CONVERSION = YES;
				CLANG_WARN_INT_CONVERSION = YES;
				CLANG_WARN_OBJC_ROOT_CLASS = YES_ERROR;
				CLANG_WARN_UNREACHABLE_CODE = YES;
				CLANG_WARN__DUPLICATE_METHOD_MATCH = YES;
				"CODE_SIGN_IDENTITY[sdk=iphoneos*]" = "iPhone Developer";
				COPY_PHASE_STRIP = NO;
				ENABLE_STRICT_OBJC_MSGSEND = YES;
				GCC_C_LANGUAGE_STANDARD = gnu99;
				GCC_DYNAMIC_NO_PIC = NO;
				GCC_OPTIMIZATION_LEVEL = 0;
				GCC_PREPROCESSOR_DEFINITIONS = (
					"DEBUG=1",
					"$(inherited)",
				);
				GCC_SYMBOLS_PRIVATE_EXTERN = NO;
				GCC_WARN_64_TO_32_BIT_CONVERSION = YES;
				GCC_WARN_ABOUT_RETURN_TYPE = YES_ERROR;
				GCC_WARN_UNDECLARED_SELECTOR = YES;
				GCC_WARN_UNINITIALIZED_AUTOS = YES_AGGRESSIVE;
				GCC_WARN_UNUSED_FUNCTION = YES;
				GCC_WARN_UNUSED_VARIABLE = YES;
				IPHONEOS_DEPLOYMENT_TARGET = 8.1;
				MTL_ENABLE_DEBUG_INFO = YES;
				ONLY_ACTIVE_ARCH = YES;
				SDKROOT = iphoneos;
			};
			name = Debug;
		};
		284B5B0E1A1C37CC00F04010 /* Release */ = {
			isa = XCBuildConfiguration;
			buildSettings = {
				ALWAYS_SEARCH_USER_PATHS = NO;
				CLANG_CXX_LANGUAGE_STANDARD = "gnu++0x";
				CLANG_CXX_LIBRARY = "libc++";
				CLANG_ENABLE_MODULES = YES;
				CLANG_ENABLE_OBJC_ARC = YES;
				CLANG_WARN_BOOL_CONVERSION = YES;
				CLANG_WARN_CONSTANT_CONVERSION = YES;
				CLANG_WARN_DIRECT_OBJC_ISA_USAGE = YES_ERROR;
				CLANG_WARN_EMPTY_BODY = YES;
				CLANG_WARN_ENUM_CONVERSION = YES;
				CLANG_WARN_INT_CONVERSION = YES;
				CLANG_WARN_OBJC_ROOT_CLASS = YES_ERROR;
				CLANG_WARN_UNREACHABLE_CODE = YES;
				CLANG_WARN__DUPLICATE_METHOD_MATCH = YES;
				"CODE_SIGN_IDENTITY[sdk=iphoneos*]" = "iPhone Developer";
				COPY_PHASE_STRIP = YES;
				ENABLE_NS_ASSERTIONS = NO;
				ENABLE_STRICT_OBJC_MSGSEND = YES;
				GCC_C_LANGUAGE_STANDARD = gnu99;
				GCC_WARN_64_TO_32_BIT_CONVERSION = YES;
				GCC_WARN_ABOUT_RETURN_TYPE = YES_ERROR;
				GCC_WARN_UNDECLARED_SELECTOR = YES;
				GCC_WARN_UNINITIALIZED_AUTOS = YES_AGGRESSIVE;
				GCC_WARN_UNUSED_FUNCTION = YES;
				GCC_WARN_UNUSED_VARIABLE = YES;
				IPHONEOS_DEPLOYMENT_TARGET = 8.1;
				MTL_ENABLE_DEBUG_INFO = NO;
				SDKROOT = iphoneos;
				VALIDATE_PRODUCT = YES;
			};
			name = Release;
		};
		284B5B101A1C37CC00F04010 /* Debug */ = {
			isa = XCBuildConfiguration;
			buildSettings = {
				ASSETCATALOG_COMPILER_APPICON_NAME = AppIcon;
				INFOPLIST_FILE = JinLinBao/Info.plist;
				LD_RUNPATH_SEARCH_PATHS = "$(inherited) @executable_path/Frameworks";
				PRODUCT_NAME = "$(TARGET_NAME)";
			};
			name = Debug;
		};
		284B5B111A1C37CC00F04010 /* Release */ = {
			isa = XCBuildConfiguration;
			buildSettings = {
				ASSETCATALOG_COMPILER_APPICON_NAME = AppIcon;
				INFOPLIST_FILE = JinLinBao/Info.plist;
				LD_RUNPATH_SEARCH_PATHS = "$(inherited) @executable_path/Frameworks";
				PRODUCT_NAME = "$(TARGET_NAME)";
			};
			name = Release;
		};
		284B5B131A1C37CC00F04010 /* Debug */ = {
			isa = XCBuildConfiguration;
			buildSettings = {
				BUNDLE_LOADER = "$(TEST_HOST)";
				FRAMEWORK_SEARCH_PATHS = (
					"$(SDKROOT)/Developer/Library/Frameworks",
					"$(inherited)",
				);
				GCC_PREPROCESSOR_DEFINITIONS = (
					"DEBUG=1",
					"$(inherited)",
				);
				INFOPLIST_FILE = JinLinBaoTests/Info.plist;
				LD_RUNPATH_SEARCH_PATHS = "$(inherited) @executable_path/Frameworks @loader_path/Frameworks";
				PRODUCT_NAME = "$(TARGET_NAME)";
				TEST_HOST = "$(BUILT_PRODUCTS_DIR)/JinLinBao.app/JinLinBao";
			};
			name = Debug;
		};
		284B5B141A1C37CC00F04010 /* Release */ = {
			isa = XCBuildConfiguration;
			buildSettings = {
				BUNDLE_LOADER = "$(TEST_HOST)";
				FRAMEWORK_SEARCH_PATHS = (
					"$(SDKROOT)/Developer/Library/Frameworks",
					"$(inherited)",
				);
				INFOPLIST_FILE = JinLinBaoTests/Info.plist;
				LD_RUNPATH_SEARCH_PATHS = "$(inherited) @executable_path/Frameworks @loader_path/Frameworks";
				PRODUCT_NAME = "$(TARGET_NAME)";
				TEST_HOST = "$(BUILT_PRODUCTS_DIR)/JinLinBao.app/JinLinBao";
			};
			name = Release;
		};
/* End XCBuildConfiguration section */

/* Begin XCConfigurationList section */
		284B5AE41A1C37CA00F04010 /* Build configuration list for PBXProject "JinLinBao" */ = {
			isa = XCConfigurationList;
			buildConfigurations = (
				284B5B0D1A1C37CC00F04010 /* Debug */,
				284B5B0E1A1C37CC00F04010 /* Release */,
			);
			defaultConfigurationIsVisible = 0;
			defaultConfigurationName = Release;
		};
		284B5B0F1A1C37CC00F04010 /* Build configuration list for PBXNativeTarget "JinLinBao" */ = {
			isa = XCConfigurationList;
			buildConfigurations = (
				284B5B101A1C37CC00F04010 /* Debug */,
				284B5B111A1C37CC00F04010 /* Release */,
			);
			defaultConfigurationIsVisible = 0;
		};
		284B5B121A1C37CC00F04010 /* Build configuration list for PBXNativeTarget "JinLinBaoTests" */ = {
			isa = XCConfigurationList;
			buildConfigurations = (
				284B5B131A1C37CC00F04010 /* Debug */,
				284B5B141A1C37CC00F04010 /* Release */,
			);
			defaultConfigurationIsVisible = 0;
		};
/* End XCConfigurationList section */

/* Begin XCVersionGroup section */
		284B5AF31A1C37CB00F04010 /* JinLinBao.xcdatamodeld */ = {
			isa = XCVersionGroup;
			children = (
				284B5AF41A1C37CB00F04010 /* JinLinBao.xcdatamodel */,
			);
			currentVersion = 284B5AF41A1C37CB00F04010 /* JinLinBao.xcdatamodel */;
			path = JinLinBao.xcdatamodeld;
			sourceTree = "<group>";
			versionGroupType = wrapper.xcdatamodel;
		};
/* End XCVersionGroup section */
	};
	rootObject = 284B5AE11A1C37CA00F04010 /* Project object */;
}
